
Microsoft Visual Studio Solution File, Format Version 12.00
# Visual Studio 15
VisualStudioVersion = 15.0.27004.2005
MinimumVisualStudioVersion = 10.0.40219.1
Project("{8BC9CEB8-8B4A-11D0-8D11-00A0C91BC942}") = "2Point_Random", "2Point_Random\2Point_Random.vcxproj", "{1959308F-6C3B-48DD-9FD6-A773E19B935D}"
EndProject
Global
	GlobalSection(SolutionConfigurationPlatforms) = preSolution
		Debug|x64 = Debug|x64
		Debug|x86 = Debug|x86
		Release|x64 = Release|x64
		Release|x86 = Release|x86
	EndGlobalSection
	GlobalSection(ProjectConfigurationPlatforms) = postSolution
		{1959308F-6C3B-48DD-9FD6-A773E19B935D}.Debug|x64.ActiveCfg = Debug|x64
		{1959308F-6C3B-48DD-9FD6-A773E19B935D}.Debug|x64.Build.0 = Debug|x64
		{1959308F-6C3B-48DD-9FD6-A773E19B935D}.Debug|x86.ActiveCfg = Debug|Win32
		{1959308F-6C3B-48DD-9FD6-A773E19B935D}.Debug|x86.Build.0 = Debug|Win32
		{1959308F-6C3B-48DD-9FD6-A773E19B935D}.Release|x64.ActiveCfg = Release|x64
		{1959308F-6C3B-48DD-9FD6-A773E19B935D}.Release|x64.Build.0 = Release|x64
		{1959308F-6C3B-48DD-9FD6-A773E19B935D}.Release|x86.ActiveCfg = Release|Win32
		{1959308F-6C3B-48DD-9FD6-A773E19B935D}.Release|x86.Build.0 = Release|Win32
	EndGlobalSection
	GlobalSection(SolutionProperties) = preSolution
		HideSolutionNode = FALSE
	EndGlobalSection
	GlobalSection(ExtensibilityGlobals) = postSolution
		SolutionGuid = {FCB6F671-7AC8-48DD-B45E-2CA066994785}
	EndGlobalSection
EndGlobal
